
Microsoft Visual Studio Solution File, Format Version 12.00
# Visual Studio Version 16
VisualStudioVersion = 16.0.30204.135
MinimumVisualStudioVersion = 10.0.40219.1
Project("{FAE04EC0-301F-11D3-BF4B-00C04F79EFBC}") = "ArrayScaler", "ArrayScaler\ArrayScaler.csproj", "{9F0322D3-736D-4C26-9B14-198338FC35A0}"
EndProject
Global
	GlobalSection(SolutionConfigurationPlatforms) = preSolution
		Debug|Any CPU = Debug|Any CPU
		Release|Any CPU = Release|Any CPU
	EndGlobalSection
	GlobalSection(ProjectConfigurationPlatforms) = postSolution
		{9F0322D3-736D-4C26-9B14-198338FC35A0}.Debug|Any CPU.ActiveCfg = Debug|Any CPU
		{9F0322D3-736D-4C26-9B14-198338FC35A0}.Debug|Any CPU.Build.0 = Debug|Any CPU
		{9F0322D3-736D-4C26-9B14-198338FC35A0}.Release|Any CPU.ActiveCfg = Release|Any CPU
		{9F0322D3-736D-4C26-9B14-198338FC35A0}.Release|Any CPU.Build.0 = Release|Any CPU
	EndGlobalSection
	GlobalSection(SolutionProperties) = preSolution
		HideSolutionNode = FALSE
	EndGlobalSection
	GlobalSection(ExtensibilityGlobals) = postSolution
		SolutionGuid = {27411339-16BB-42E6-8F4E-05B02BC01D60}
	EndGlobalSection
EndGlobal
